
Microsoft Visual Studio Solution File, Format Version 12.00
# Visual Studio Version 16
VisualStudioVersion = 16.0.29806.167
MinimumVisualStudioVersion = 10.0.40219.1
Project("{9A19103F-16F7-4668-BE54-9A1E7A4F7556}") = "SimpleConsoleApp", "SimpleConsoleApp.csproj", "{2B15EF5F-C862-435B-AD7D-3F1BD4B3BD95}"
EndProject
Project("{9A19103F-16F7-4668-BE54-9A1E7A4F7556}") = "SimpleMathClassLibrary", "..\SimpleMathClassLibrary\SimpleMathClassLibrary.csproj", "{61764858-125B-43BE-9F1B-59FFAA4AE596}"
EndProject
Project("{2150E333-8FDC-42A3-9474-1A3956D46DE8}") = "Solution Items", "Solution Items", "{A493A8BB-933A-4327-9BCA-FE4B3B66A6F5}"
EndProject
Project("{FAE04EC0-301F-11D3-BF4B-00C04F79EFBC}") = "SimpleMathClassLibrary.Tests", "..\SimpleMathClassLibrary.Tests\SimpleMathClassLibrary.Tests.csproj", "{43B4A673-3203-46EE-953D-3A15840F2A29}"
EndProject
Global
	GlobalSection(SolutionConfigurationPlatforms) = preSolution
		Debug|Any CPU = Debug|Any CPU
		Release|Any CPU = Release|Any CPU
	EndGlobalSection
	GlobalSection(ProjectConfigurationPlatforms) = postSolution
		{2B15EF5F-C862-435B-AD7D-3F1BD4B3BD95}.Debug|Any CPU.ActiveCfg = Debug|Any CPU
		{2B15EF5F-C862-435B-AD7D-3F1BD4B3BD95}.Debug|Any CPU.Build.0 = Debug|Any CPU
		{2B15EF5F-C862-435B-AD7D-3F1BD4B3BD95}.Release|Any CPU.ActiveCfg = Release|Any CPU
		{2B15EF5F-C862-435B-AD7D-3F1BD4B3BD95}.Release|Any CPU.Build.0 = Release|Any CPU
		{61764858-125B-43BE-9F1B-59FFAA4AE596}.Debug|Any CPU.ActiveCfg = Debug|Any CPU
		{61764858-125B-43BE-9F1B-59FFAA4AE596}.Debug|Any CPU.Build.0 = Debug|Any CPU
		{61764858-125B-43BE-9F1B-59FFAA4AE596}.Release|Any CPU.ActiveCfg = Release|Any CPU
		{61764858-125B-43BE-9F1B-59FFAA4AE596}.Release|Any CPU.Build.0 = Release|Any CPU
		{43B4A673-3203-46EE-953D-3A15840F2A29}.Debug|Any CPU.ActiveCfg = Debug|Any CPU
		{43B4A673-3203-46EE-953D-3A15840F2A29}.Debug|Any CPU.Build.0 = Debug|Any CPU
		{43B4A673-3203-46EE-953D-3A15840F2A29}.Release|Any CPU.ActiveCfg = Release|Any CPU
		{43B4A673-3203-46EE-953D-3A15840F2A29}.Release|Any CPU.Build.0 = Release|Any CPU
	EndGlobalSection
	GlobalSection(SolutionProperties) = preSolution
		HideSolutionNode = FALSE
	EndGlobalSection
	GlobalSection(ExtensibilityGlobals) = postSolution
		SolutionGuid = {EDE7CE53-9EBB-4A73-AD6A-C204C3F61BBD}
	EndGlobalSection
EndGlobal
